
Microsoft Visual Studio Solution File, Format Version 12.00
# Visual Studio Version 17
VisualStudioVersion = 17.9.34728.123
MinimumVisualStudioVersion = 10.0.40219.1
Project("{FAE04EC0-301F-11D3-BF4B-00C04F79EFBC}") = "Calc.ConsoleApp", "ConsoleApp1\Calc.ConsoleApp.csproj", "{CC31E165-B970-4014-816E-3FDA824CCD6E}"
EndProject
Project("{FAE04EC0-301F-11D3-BF4B-00C04F79EFBC}") = "Calc.Lib", "Calc.Lib\Calc.Lib.csproj", "{902BE840-6D45-4DE2-A8AF-F8DF20A46F76}"
EndProject
Project("{FAE04EC0-301F-11D3-BF4B-00C04F79EFBC}") = "Calc.Lib.Tests", "Calc.Lib.Tests\Calc.Lib.Tests.csproj", "{7C86B20A-DCF4-4E16-AA38-647A59926255}"
EndProject
Global
	GlobalSection(SolutionConfigurationPlatforms) = preSolution
		Debug|Any CPU = Debug|Any CPU
		Release|Any CPU = Release|Any CPU
	EndGlobalSection
	GlobalSection(ProjectConfigurationPlatforms) = postSolution
		{CC31E165-B970-4014-816E-3FDA824CCD6E}.Debug|Any CPU.ActiveCfg = Debug|Any CPU
		{CC31E165-B970-4014-816E-3FDA824CCD6E}.Debug|Any CPU.Build.0 = Debug|Any CPU
		{CC31E165-B970-4014-816E-3FDA824CCD6E}.Release|Any CPU.ActiveCfg = Release|Any CPU
		{CC31E165-B970-4014-816E-3FDA824CCD6E}.Release|Any CPU.Build.0 = Release|Any CPU
		{902BE840-6D45-4DE2-A8AF-F8DF20A46F76}.Debug|Any CPU.ActiveCfg = Debug|Any CPU
		{902BE840-6D45-4DE2-A8AF-F8DF20A46F76}.Debug|Any CPU.Build.0 = Debug|Any CPU
		{902BE840-6D45-4DE2-A8AF-F8DF20A46F76}.Release|Any CPU.ActiveCfg = Release|Any CPU
		{902BE840-6D45-4DE2-A8AF-F8DF20A46F76}.Release|Any CPU.Build.0 = Release|Any CPU
		{7C86B20A-DCF4-4E16-AA38-647A59926255}.Debug|Any CPU.ActiveCfg = Debug|Any CPU
		{7C86B20A-DCF4-4E16-AA38-647A59926255}.Debug|Any CPU.Build.0 = Debug|Any CPU
		{7C86B20A-DCF4-4E16-AA38-647A59926255}.Release|Any CPU.ActiveCfg = Release|Any CPU
		{7C86B20A-DCF4-4E16-AA38-647A59926255}.Release|Any CPU.Build.0 = Release|Any CPU
	EndGlobalSection
	GlobalSection(SolutionProperties) = preSolution
		HideSolutionNode = FALSE
	EndGlobalSection
	GlobalSection(ExtensibilityGlobals) = postSolution
		SolutionGuid = {1F08C4D9-625D-42FD-9581-2B2BB8A8EFE0}
	EndGlobalSection
EndGlobal
